# This file is automatically @generated by Cargo.
# It is not intended for manual editing.
version = 4

[[package]]
name = "add-core"
version = "0.1.0"

[[package]]
name = "add-web-bindings"
version = "0.1.0"
dependencies = [
 "add-core",
]

[[package]]
name = "add-web-worker"
version = "0.1.0"
dependencies = [
 "add-core",
]
